
Microsoft Visual Studio Solution File, Format Version 12.00
# Visual Studio Version 16
VisualStudioVersion = 16.0.30011.22
MinimumVisualStudioVersion = 10.0.40219.1
Project("{8BC9CEB8-8B4A-11D0-8D11-00A0C91BC942}") = "1.10", "1.10.vcxproj", "{CFAE78C4-3914-4B4C-9521-66828D6C73BE}"
EndProject
Global
	GlobalSection(SolutionConfigurationPlatforms) = preSolution
		Debug|x64 = Debug|x64
		Debug|x86 = Debug|x86
		Release|x64 = Release|x64
		Release|x86 = Release|x86
	EndGlobalSection
	GlobalSection(ProjectConfigurationPlatforms) = postSolution
		{CFAE78C4-3914-4B4C-9521-66828D6C73BE}.Debug|x64.ActiveCfg = Debug|x64
		{CFAE78C4-3914-4B4C-9521-66828D6C73BE}.Debug|x64.Build.0 = Debug|x64
		{CFAE78C4-3914-4B4C-9521-66828D6C73BE}.Debug|x86.ActiveCfg = Debug|Win32
		{CFAE78C4-3914-4B4C-9521-66828D6C73BE}.Debug|x86.Build.0 = Debug|Win32
		{CFAE78C4-3914-4B4C-9521-66828D6C73BE}.Release|x64.ActiveCfg = Release|x64
		{CFAE78C4-3914-4B4C-9521-66828D6C73BE}.Release|x64.Build.0 = Release|x64
		{CFAE78C4-3914-4B4C-9521-66828D6C73BE}.Release|x86.ActiveCfg = Release|Win32
		{CFAE78C4-3914-4B4C-9521-66828D6C73BE}.Release|x86.Build.0 = Release|Win32
	EndGlobalSection
	GlobalSection(SolutionProperties) = preSolution
		HideSolutionNode = FALSE
	EndGlobalSection
	GlobalSection(ExtensibilityGlobals) = postSolution
		SolutionGuid = {B22CDEC6-8620-459C-9418-F4519B889122}
	EndGlobalSection
EndGlobal
